
Microsoft Visual Studio Solution File, Format Version 12.00
# Visual Studio Version 17
VisualStudioVersion = 17.14.36518.9 d17.14
MinimumVisualStudioVersion = 10.0.40219.1
Project("{FAE04EC0-301F-11D3-BF4B-00C04F79EFBC}") = "KnowledgeVineAPI", "KnowledgeVineAPI\KnowledgeVineAPI.csproj", "{A344E1F8-C6E9-484A-83DD-1BF4A45E8E03}"
EndProject
Global
	GlobalSection(SolutionConfigurationPlatforms) = preSolution
		Debug|Any CPU = Debug|Any CPU
		Release|Any CPU = Release|Any CPU
	EndGlobalSection
	GlobalSection(ProjectConfigurationPlatforms) = postSolution
		{A344E1F8-C6E9-484A-83DD-1BF4A45E8E03}.Debug|Any CPU.ActiveCfg = Debug|Any CPU
		{A344E1F8-C6E9-484A-83DD-1BF4A45E8E03}.Debug|Any CPU.Build.0 = Debug|Any CPU
		{A344E1F8-C6E9-484A-83DD-1BF4A45E8E03}.Release|Any CPU.ActiveCfg = Release|Any CPU
		{A344E1F8-C6E9-484A-83DD-1BF4A45E8E03}.Release|Any CPU.Build.0 = Release|Any CPU
	EndGlobalSection
	GlobalSection(SolutionProperties) = preSolution
		HideSolutionNode = FALSE
	EndGlobalSection
	GlobalSection(ExtensibilityGlobals) = postSolution
		SolutionGuid = {5E956CA0-6A94-4922-B3FF-9829E935C6A2}
	EndGlobalSection
EndGlobal
